
Microsoft Visual Studio Solution File, Format Version 12.00
# Visual Studio 15
VisualStudioVersion = 15.0.27130.2036
MinimumVisualStudioVersion = 10.0.40219.1
Project("{8BC9CEB8-8B4A-11D0-8D11-00A0C91BC942}") = "1001", "1001\1001.vcxproj", "{3F2C98E6-1AE1-4D0E-984C-C38F8AF3F8F6}"
EndProject
Project("{8BC9CEB8-8B4A-11D0-8D11-00A0C91BC942}") = "1002", "1002\1002.vcxproj", "{6F04E1BB-0FD2-4F55-BA72-EA7D60482A4A}"
EndProject
Project("{8BC9CEB8-8B4A-11D0-8D11-00A0C91BC942}") = "1003", "1003\1003.vcxproj", "{2312615C-403B-4399-9AE2-B5B83D359F48}"
EndProject
Project("{8BC9CEB8-8B4A-11D0-8D11-00A0C91BC942}") = "1004", "1004\1004.vcxproj", "{5BC09E1D-2A8B-43EA-90F3-810C92B6EABA}"
EndProject
Project("{8BC9CEB8-8B4A-11D0-8D11-00A0C91BC942}") = "1005", "1005\1005.vcxproj", "{FB94D12E-69CB-4987-B717-ABD7AA92F69C}"
EndProject
Project("{8BC9CEB8-8B4A-11D0-8D11-00A0C91BC942}") = "1006", "1006\1006.vcxproj", "{3CD0FF12-2245-4C02-9900-AC797579AA85}"
EndProject
Project("{8BC9CEB8-8B4A-11D0-8D11-00A0C91BC942}") = "1007", "1007\1007.vcxproj", "{53AA12B7-8612-4F3E-B7B9-CEA14729BA2B}"
EndProject
Project("{8BC9CEB8-8B4A-11D0-8D11-00A0C91BC942}") = "1008", "1008\1008.vcxproj", "{A44DAE33-B377-43CA-98FB-B152C7E7973D}"
EndProject
Project("{8BC9CEB8-8B4A-11D0-8D11-00A0C91BC942}") = "1009", "1009\1009.vcxproj", "{5903275A-DBB7-4FA6-AB7E-C3B4B1F3C52A}"
EndProject
Project("{8BC9CEB8-8B4A-11D0-8D11-00A0C91BC942}") = "1010", "1010\1010.vcxproj", "{288D5C33-35A8-4B93-A5C4-82FFFE4D3004}"
EndProject
Project("{8BC9CEB8-8B4A-11D0-8D11-00A0C91BC942}") = "1011", "1011\1011.vcxproj", "{427ED87C-6B3C-47B9-9C61-E46422988697}"
EndProject
Project("{8BC9CEB8-8B4A-11D0-8D11-00A0C91BC942}") = "1012", "1012\1012.vcxproj", "{C00DD264-DDFC-41CC-8C82-318BA70DEECC}"
EndProject
Project("{8BC9CEB8-8B4A-11D0-8D11-00A0C91BC942}") = "1013", "1013\1013.vcxproj", "{A03BFC1E-8A58-4B0E-9912-A94299DB0B62}"
EndProject
Project("{8BC9CEB8-8B4A-11D0-8D11-00A0C91BC942}") = "1014", "1014\1014.vcxproj", "{17295CDB-7B66-44E9-80C0-3DD8A415366C}"
EndProject
Project("{8BC9CEB8-8B4A-11D0-8D11-00A0C91BC942}") = "1015", "1015\1015.vcxproj", "{92A3570B-838C-43A9-B4AD-D852E8014521}"
EndProject
Project("{8BC9CEB8-8B4A-11D0-8D11-00A0C91BC942}") = "1016", "1016\1016.vcxproj", "{0932B04B-808B-4ED9-A26B-51FC5731FCD8}"
EndProject
Project("{8BC9CEB8-8B4A-11D0-8D11-00A0C91BC942}") = "1017", "1017\1017.vcxproj", "{6EC12AD5-362D-4141-A7EF-893DDEE85A76}"
EndProject
Project("{8BC9CEB8-8B4A-11D0-8D11-00A0C91BC942}") = "1018", "1018\1018.vcxproj", "{AA9131FF-16DF-45FC-86F1-BA7FB5093310}"
EndProject
Project("{8BC9CEB8-8B4A-11D0-8D11-00A0C91BC942}") = "1019", "1019\1019.vcxproj", "{B66F758E-5419-4264-8F92-F32308B35CAE}"
EndProject
Project("{8BC9CEB8-8B4A-11D0-8D11-00A0C91BC942}") = "1020", "1020\1020.vcxproj", "{DBD4AD6C-F010-44E8-B6BC-903FD45A8591}"
EndProject
Project("{8BC9CEB8-8B4A-11D0-8D11-00A0C91BC942}") = "1021", "1021\1021.vcxproj", "{0E03153B-C8BF-4E27-B12B-7664DD27A804}"
EndProject
Project("{8BC9CEB8-8B4A-11D0-8D11-00A0C91BC942}") = "1022", "1022\1022.vcxproj", "{B33DB986-DC65-4784-AC2A-0291ECD50248}"
EndProject
Project("{8BC9CEB8-8B4A-11D0-8D11-00A0C91BC942}") = "1023", "1023\1023.vcxproj", "{6B26034A-9541-4542-9C1E-12A4FA76A5A5}"
EndProject
Project("{8BC9CEB8-8B4A-11D0-8D11-00A0C91BC942}") = "1058", "1058\1058.vcxproj", "{38203D85-FE84-4007-960F-8965A98A66BA}"
EndProject
Project("{8BC9CEB8-8B4A-11D0-8D11-00A0C91BC942}") = "1059", "1059\1059.vcxproj", "{0FFF4E97-28F0-4CD8-9CB0-5D783AA0C6A7}"
EndProject
Project("{8BC9CEB8-8B4A-11D0-8D11-00A0C91BC942}") = "1060", "1060\1060.vcxproj", "{906DCAF2-4FC1-4BC4-8517-4BF433A284C4}"
EndProject
Project("{8BC9CEB8-8B4A-11D0-8D11-00A0C91BC942}") = "1061", "1061\1061.vcxproj", "{A30E82BE-D6D8-4FEA-B01A-7462ECA986A8}"
EndProject
Project("{8BC9CEB8-8B4A-11D0-8D11-00A0C91BC942}") = "1062", "1062\1062.vcxproj", "{80418138-D3E2-4AB6-A37B-66B57C67DC31}"
EndProject
Project("{8BC9CEB8-8B4A-11D0-8D11-00A0C91BC942}") = "1063", "1063\1063.vcxproj", "{557C699F-591C-4596-8C4B-B0E07CB50D4E}"
EndProject
Project("{8BC9CEB8-8B4A-11D0-8D11-00A0C91BC942}") = "1064", "1064\1064.vcxproj", "{99697C8A-4E13-4AE3-ACBC-E2218C227651}"
EndProject
Project("{8BC9CEB8-8B4A-11D0-8D11-00A0C91BC942}") = "1065", "1065\1065.vcxproj", "{E8372533-4F7B-4218-A1C9-FAC17A74331B}"
EndProject
Project("{8BC9CEB8-8B4A-11D0-8D11-00A0C91BC942}") = "1066", "1066\1066.vcxproj", "{5FD46139-B610-498A-AEC8-4C21917A736E}"
EndProject
Project("{8BC9CEB8-8B4A-11D0-8D11-00A0C91BC942}") = "1067", "1067\1067.vcxproj", "{CCE5909E-D9C1-4DDA-B8B0-87E4B77B395C}"
EndProject
Project("{8BC9CEB8-8B4A-11D0-8D11-00A0C91BC942}") = "1068", "1068\1068.vcxproj", "{ABBB7693-F516-42AE-A4F7-C5D073BF7D79}"
EndProject
Project("{8BC9CEB8-8B4A-11D0-8D11-00A0C91BC942}") = "1069", "1069\1069.vcxproj", "{A1D085B4-6FE0-473D-9329-A7B5D3F1BD0A}"
EndProject
Project("{8BC9CEB8-8B4A-11D0-8D11-00A0C91BC942}") = "1070", "1070\1070.vcxproj", "{E4716546-CF87-425C-A81E-852C4381FD80}"
EndProject
Project("{8BC9CEB8-8B4A-11D0-8D11-00A0C91BC942}") = "1071", "1071\1071.vcxproj", "{105A12ED-D2DD-4088-9A39-013BB52E46B7}"
EndProject
Project("{8BC9CEB8-8B4A-11D0-8D11-00A0C91BC942}") = "1072", "1072\1072.vcxproj", "{1070D9C0-8221-487F-8CEB-E8ECDE69C008}"
EndProject
Project("{8BC9CEB8-8B4A-11D0-8D11-00A0C91BC942}") = "1073", "1073\1073.vcxproj", "{EAB3D339-8D97-4455-A6EC-D458CCF6DE45}"
EndProject
Project("{8BC9CEB8-8B4A-11D0-8D11-00A0C91BC942}") = "1074", "1074\1074.vcxproj", "{C4075047-2496-4B4C-85B3-7932ED862E8A}"
EndProject
Project("{8BC9CEB8-8B4A-11D0-8D11-00A0C91BC942}") = "1075", "1075\1075.vcxproj", "{950F3474-7951-497B-BCF1-60BB04DA7404}"
EndProject
Project("{8BC9CEB8-8B4A-11D0-8D11-00A0C91BC942}") = "1076", "1076\1076.vcxproj", "{CB7FC324-EE24-4D7D-BDCF-0EFE5907BCA8}"
EndProject
Project("{8BC9CEB8-8B4A-11D0-8D11-00A0C91BC942}") = "1077", "1077\1077.vcxproj", "{DBEF9FB1-5D5C-443C-B762-9179C2895CF3}"
EndProject
Project("{8BC9CEB8-8B4A-11D0-8D11-00A0C91BC942}") = "1078", "1078\1078.vcxproj", "{F2820CB6-FC4C-4834-BCA0-BFE510195AB3}"
EndProject
Project("{8BC9CEB8-8B4A-11D0-8D11-00A0C91BC942}") = "1079", "1079\1079.vcxproj", "{9360A0DB-395D-4266-A97D-0BB753574A3D}"
EndProject
Project("{8BC9CEB8-8B4A-11D0-8D11-00A0C91BC942}") = "1080", "1080\1080.vcxproj", "{4A42DE3A-8C51-4601-B7EB-7AF0B18B1028}"
EndProject
Project("{8BC9CEB8-8B4A-11D0-8D11-00A0C91BC942}") = "1025", "1025\1025.vcxproj", "{EFEA464A-9DE5-4585-A84D-6E45466F0C0B}"
EndProject
Project("{8BC9CEB8-8B4A-11D0-8D11-00A0C91BC942}") = "1028", "1028\1028.vcxproj", "{7C1009A5-C17B-419E-A0AE-47E577EBFBB1}"
EndProject
Project("{8BC9CEB8-8B4A-11D0-8D11-00A0C91BC942}") = "1030", "1030\1030.vcxproj", "{E79CBC31-F3B1-4D62-8E58-38B48919F0A7}"
EndProject
Project("{8BC9CEB8-8B4A-11D0-8D11-00A0C91BC942}") = "1034", "1034\1034.vcxproj", "{1645D437-0276-4819-A105-FEBAB63AF2CA}"
EndProject
Project("{8BC9CEB8-8B4A-11D0-8D11-00A0C91BC942}") = "1035", "1035\1035.vcxproj", "{5FCB3C94-C27B-476C-B9DD-683418268591}"
EndProject
Project("{8BC9CEB8-8B4A-11D0-8D11-00A0C91BC942}") = "1024", "1024\1024.vcxproj", "{80A94826-4576-4E50-88D6-16551E6E6A11}"
EndProject
Project("{8BC9CEB8-8B4A-11D0-8D11-00A0C91BC942}") = "1029", "1029\1029.vcxproj", "{7DD43A46-1A24-4285-929A-61758D613938}"
EndProject
Project("{8BC9CEB8-8B4A-11D0-8D11-00A0C91BC942}") = "1031", "1031\1031.vcxproj", "{85335D45-9BEC-423E-8D43-3CFE0C033360}"
EndProject
Project("{8BC9CEB8-8B4A-11D0-8D11-00A0C91BC942}") = "1032", "1032\1032.vcxproj", "{9E1CB6E3-0BF7-412B-AFF9-527ABA6157D8}"
EndProject
Project("{8BC9CEB8-8B4A-11D0-8D11-00A0C91BC942}") = "1033", "1033\1033.vcxproj", "{9B201863-705A-4B66-A47D-26EF5D9988F4}"
EndProject
Project("{8BC9CEB8-8B4A-11D0-8D11-00A0C91BC942}") = "1036", "1036\1036.vcxproj", "{476C5216-F519-4728-B3CA-D38BDE500907}"
EndProject
Project("{8BC9CEB8-8B4A-11D0-8D11-00A0C91BC942}") = "1037", "1037\1037.vcxproj", "{90EB1CF5-FC4D-417C-A5EE-C9AE2B0BEED8}"
EndProject
Project("{8BC9CEB8-8B4A-11D0-8D11-00A0C91BC942}") = "1038", "1038\1038.vcxproj", "{BBD87576-3A5E-40A3-B155-6907AF002ED0}"
EndProject
Project("{8BC9CEB8-8B4A-11D0-8D11-00A0C91BC942}") = "1039", "1039\1039.vcxproj", "{2B47D5E6-4C6D-4F2E-990E-296B450C816A}"
EndProject
Project("{8BC9CEB8-8B4A-11D0-8D11-00A0C91BC942}") = "1040", "1040\1040.vcxproj", "{0BE7E586-43D1-411A-B391-F1CB064954FA}"
EndProject
Project("{8BC9CEB8-8B4A-11D0-8D11-00A0C91BC942}") = "1041", "1041\1041.vcxproj", "{04CD83E6-4D35-4C9E-B1C8-74C658710F3E}"
EndProject
Project("{8BC9CEB8-8B4A-11D0-8D11-00A0C91BC942}") = "1042", "1042\1042.vcxproj", "{3EC010F2-ADD6-4115-8F2F-C34487147F35}"
EndProject
Project("{8BC9CEB8-8B4A-11D0-8D11-00A0C91BC942}") = "1043", "1043\1043.vcxproj", "{79A7024E-AAD4-4824-A03A-838DD6ED6EB1}"
EndProject
Project("{8BC9CEB8-8B4A-11D0-8D11-00A0C91BC942}") = "1044", "1044\1044.vcxproj", "{5722289F-D13C-4AE0-B76A-EDE6D16AD5D1}"
EndProject
Project("{8BC9CEB8-8B4A-11D0-8D11-00A0C91BC942}") = "1045", "1045\1045.vcxproj", "{00FC2E1D-913D-43AD-B234-316F80A02CC3}"
EndProject
Project("{8BC9CEB8-8B4A-11D0-8D11-00A0C91BC942}") = "1046", "1046\1046.vcxproj", "{A9C5B8F3-7FF8-4593-9CC4-A3A2DE2ADD53}"
EndProject
Project("{8BC9CEB8-8B4A-11D0-8D11-00A0C91BC942}") = "1047", "1047\1047.vcxproj", "{3E04067A-2C42-4476-B491-DB5D6F9FBC7C}"
EndProject
Project("{8BC9CEB8-8B4A-11D0-8D11-00A0C91BC942}") = "1048", "1048\1048.vcxproj", "{8D97730E-5E21-49E4-B602-6141A872DBEA}"
EndProject
Project("{8BC9CEB8-8B4A-11D0-8D11-00A0C91BC942}") = "1049", "1049\1049.vcxproj", "{E9B05960-D729-4904-9763-661FFC80AC41}"
EndProject
Project("{8BC9CEB8-8B4A-11D0-8D11-00A0C91BC942}") = "1050", "1050\1050.vcxproj", "{1D46B8B9-D290-4B4E-9591-09A6D30DD8CC}"
EndProject
Project("{8BC9CEB8-8B4A-11D0-8D11-00A0C91BC942}") = "1051", "1051\1051.vcxproj", "{C52A2AFB-3B0F-493B-984C-563414B9965F}"
EndProject
Project("{8BC9CEB8-8B4A-11D0-8D11-00A0C91BC942}") = "1052", "1052\1052.vcxproj", "{5D32F7B0-F8A7-467D-A520-D044FF94E372}"
EndProject
Project("{8BC9CEB8-8B4A-11D0-8D11-00A0C91BC942}") = "1053", "1053\1053.vcxproj", "{437F4126-F205-4F59-BB4B-F5A0353C9662}"
EndProject
Project("{8BC9CEB8-8B4A-11D0-8D11-00A0C91BC942}") = "1054", "1054\1054.vcxproj", "{31FE520D-4376-4247-9F0D-ADDA6ADA2484}"
EndProject
Project("{8BC9CEB8-8B4A-11D0-8D11-00A0C91BC942}") = "1055", "1055\1055.vcxproj", "{D8FE219F-4360-43E4-A608-61F12F5ACA0D}"
EndProject
Project("{8BC9CEB8-8B4A-11D0-8D11-00A0C91BC942}") = "1056", "1056\1056.vcxproj", "{27EBFEB1-994C-4379-BE6F-4D2D245C1629}"
EndProject
Project("{8BC9CEB8-8B4A-11D0-8D11-00A0C91BC942}") = "1057", "1057\1057.vcxproj", "{20501D3B-FA57-4BE8-A27D-91E330DE0731}"
EndProject
Global
	GlobalSection(SolutionConfigurationPlatforms) = preSolution
		Debug|x64 = Debug|x64
		Debug|x86 = Debug|x86
		Release|x64 = Release|x64
		Release|x86 = Release|x86
	EndGlobalSection
	GlobalSection(ProjectConfigurationPlatforms) = postSolution
		{3F2C98E6-1AE1-4D0E-984C-C38F8AF3F8F6}.Debug|x64.ActiveCfg = Debug|x64
		{3F2C98E6-1AE1-4D0E-984C-C38F8AF3F8F6}.Debug|x64.Build.0 = Debug|x64
		{3F2C98E6-1AE1-4D0E-984C-C38F8AF3F8F6}.Debug|x86.ActiveCfg = Debug|Win32
		{3F2C98E6-1AE1-4D0E-984C-C38F8AF3F8F6}.Debug|x86.Build.0 = Debug|Win32
		{3F2C98E6-1AE1-4D0E-984C-C38F8AF3F8F6}.Release|x64.ActiveCfg = Release|x64
		{3F2C98E6-1AE1-4D0E-984C-C38F8AF3F8F6}.Release|x64.Build.0 = Release|x64
		{3F2C98E6-1AE1-4D0E-984C-C38F8AF3F8F6}.Release|x86.ActiveCfg = Release|Win32
		{3F2C98E6-1AE1-4D0E-984C-C38F8AF3F8F6}.Release|x86.Build.0 = Release|Win32
		{6F04E1BB-0FD2-4F55-BA72-EA7D60482A4A}.Debug|x64.ActiveCfg = Debug|x64
		{6F04E1BB-0FD2-4F55-BA72-EA7D60482A4A}.Debug|x64.Build.0 = Debug|x64
		{6F04E1BB-0FD2-4F55-BA72-EA7D60482A4A}.Debug|x86.ActiveCfg = Debug|Win32
		{6F04E1BB-0FD2-4F55-BA72-EA7D60482A4A}.Debug|x86.Build.0 = Debug|Win32
		{6F04E1BB-0FD2-4F55-BA72-EA7D60482A4A}.Release|x64.ActiveCfg = Release|x64
		{6F04E1BB-0FD2-4F55-BA72-EA7D60482A4A}.Release|x64.Build.0 = Release|x64
		{6F04E1BB-0FD2-4F55-BA72-EA7D60482A4A}.Release|x86.ActiveCfg = Release|Win32
		{6F04E1BB-0FD2-4F55-BA72-EA7D60482A4A}.Release|x86.Build.0 = Release|Win32
		{2312615C-403B-4399-9AE2-B5B83D359F48}.Debug|x64.ActiveCfg = Debug|x64
		{2312615C-403B-4399-9AE2-B5B83D359F48}.Debug|x64.Build.0 = Debug|x64
		{2312615C-403B-4399-9AE2-B5B83D359F48}.Debug|x86.ActiveCfg = Debug|Win32
		{2312615C-403B-4399-9AE2-B5B83D359F48}.Debug|x86.Build.0 = Debug|Win32
		{2312615C-403B-4399-9AE2-B5B83D359F48}.Release|x64.ActiveCfg = Release|x64
		{2312615C-403B-4399-9AE2-B5B83D359F48}.Release|x64.Build.0 = Release|x64
		{2312615C-403B-4399-9AE2-B5B83D359F48}.Release|x86.ActiveCfg = Release|Win32
		{2312615C-403B-4399-9AE2-B5B83D359F48}.Release|x86.Build.0 = Release|Win32
		{5BC09E1D-2A8B-43EA-90F3-810C92B6EABA}.Debug|x64.ActiveCfg = Debug|x64
		{5BC09E1D-2A8B-43EA-90F3-810C92B6EABA}.Debug|x64.Build.0 = Debug|x64
		{5BC09E1D-2A8B-43EA-90F3-810C92B6EABA}.Debug|x86.ActiveCfg = Debug|Win32
		{5BC09E1D-2A8B-43EA-90F3-810C92B6EABA}.Debug|x86.Build.0 = Debug|Win32
		{5BC09E1D-2A8B-43EA-90F3-810C92B6EABA}.Release|x64.ActiveCfg = Release|x64
		{5BC09E1D-2A8B-43EA-90F3-810C92B6EABA}.Release|x64.Build.0 = Release|x64
		{5BC09E1D-2A8B-43EA-90F3-810C92B6EABA}.Release|x86.ActiveCfg = Release|Win32
		{5BC09E1D-2A8B-43EA-90F3-810C92B6EABA}.Release|x86.Build.0 = Release|Win32
		{FB94D12E-69CB-4987-B717-ABD7AA92F69C}.Debug|x64.ActiveCfg = Debug|x64
		{FB94D12E-69CB-4987-B717-ABD7AA92F69C}.Debug|x64.Build.0 = Debug|x64
		{FB94D12E-69CB-4987-B717-ABD7AA92F69C}.Debug|x86.ActiveCfg = Debug|Win32
		{FB94D12E-69CB-4987-B717-ABD7AA92F69C}.Debug|x86.Build.0 = Debug|Win32
		{FB94D12E-69CB-4987-B717-ABD7AA92F69C}.Release|x64.ActiveCfg = Release|x64
		{FB94D12E-69CB-4987-B717-ABD7AA92F69C}.Release|x64.Build.0 = Release|x64
		{FB94D12E-69CB-4987-B717-ABD7AA92F69C}.Release|x86.ActiveCfg = Release|Win32
		{FB94D12E-69CB-4987-B717-ABD7AA92F69C}.Release|x86.Build.0 = Release|Win32
		{3CD0FF12-2245-4C02-9900-AC797579AA85}.Debug|x64.ActiveCfg = Debug|x64
		{3CD0FF12-2245-4C02-9900-AC797579AA85}.Debug|x64.Build.0 = Debug|x64
		{3CD0FF12-2245-4C02-9900-AC797579AA85}.Debug|x86.ActiveCfg = Debug|Win32
		{3CD0FF12-2245-4C02-9900-AC797579AA85}.Debug|x86.Build.0 = Debug|Win32
		{3CD0FF12-2245-4C02-9900-AC797579AA85}.Release|x64.ActiveCfg = Release|x64
		{3CD0FF12-2245-4C02-9900-AC797579AA85}.Release|x64.Build.0 = Release|x64
		{3CD0FF12-2245-4C02-9900-AC797579AA85}.Release|x86.ActiveCfg = Release|Win32
		{3CD0FF12-2245-4C02-9900-AC797579AA85}.Release|x86.Build.0 = Release|Win32
		{53AA12B7-8612-4F3E-B7B9-CEA14729BA2B}.Debug|x64.ActiveCfg = Debug|x64
		{53AA12B7-8612-4F3E-B7B9-CEA14729BA2B}.Debug|x64.Build.0 = Debug|x64
		{53AA12B7-8612-4F3E-B7B9-CEA14729BA2B}.Debug|x86.ActiveCfg = Debug|Win32
		{53AA12B7-8612-4F3E-B7B9-CEA14729BA2B}.Debug|x86.Build.0 = Debug|Win32
		{53AA12B7-8612-4F3E-B7B9-CEA14729BA2B}.Release|x64.ActiveCfg = Release|x64
		{53AA12B7-8612-4F3E-B7B9-CEA14729BA2B}.Release|x64.Build.0 = Release|x64
		{53AA12B7-8612-4F3E-B7B9-CEA14729BA2B}.Release|x86.ActiveCfg = Release|Win32
		{53AA12B7-8612-4F3E-B7B9-CEA14729BA2B}.Release|x86.Build.0 = Release|Win32
		{A44DAE33-B377-43CA-98FB-B152C7E7973D}.Debug|x64.ActiveCfg = Debug|x64
		{A44DAE33-B377-43CA-98FB-B152C7E7973D}.Debug|x64.Build.0 = Debug|x64
		{A44DAE33-B377-43CA-98FB-B152C7E7973D}.Debug|x86.ActiveCfg = Debug|Win32
		{A44DAE33-B377-43CA-98FB-B152C7E7973D}.Debug|x86.Build.0 = Debug|Win32
		{A44DAE33-B377-43CA-98FB-B152C7E7973D}.Release|x64.ActiveCfg = Release|x64
		{A44DAE33-B377-43CA-98FB-B152C7E7973D}.Release|x64.Build.0 = Release|x64
		{A44DAE33-B377-43CA-98FB-B152C7E7973D}.Release|x86.ActiveCfg = Release|Win32
		{A44DAE33-B377-43CA-98FB-B152C7E7973D}.Release|x86.Build.0 = Release|Win32
		{5903275A-DBB7-4FA6-AB7E-C3B4B1F3C52A}.Debug|x64.ActiveCfg = Debug|x64
		{5903275A-DBB7-4FA6-AB7E-C3B4B1F3C52A}.Debug|x64.Build.0 = Debug|x64
		{5903275A-DBB7-4FA6-AB7E-C3B4B1F3C52A}.Debug|x86.ActiveCfg = Debug|Win32
		{5903275A-DBB7-4FA6-AB7E-C3B4B1F3C52A}.Debug|x86.Build.0 = Debug|Win32
		{5903275A-DBB7-4FA6-AB7E-C3B4B1F3C52A}.Release|x64.ActiveCfg = Release|x64
		{5903275A-DBB7-4FA6-AB7E-C3B4B1F3C52A}.Release|x64.Build.0 = Release|x64
		{5903275A-DBB7-4FA6-AB7E-C3B4B1F3C52A}.Release|x86.ActiveCfg = Release|Win32
		{5903275A-DBB7-4FA6-AB7E-C3B4B1F3C52A}.Release|x86.Build.0 = Release|Win32
		{288D5C33-35A8-4B93-A5C4-82FFFE4D3004}.Debug|x64.ActiveCfg = Debug|x64
		{288D5C33-35A8-4B93-A5C4-82FFFE4D3004}.Debug|x64.Build.0 = Debug|x64
		{288D5C33-35A8-4B93-A5C4-82FFFE4D3004}.Debug|x86.ActiveCfg = Debug|Win32
		{288D5C33-35A8-4B93-A5C4-82FFFE4D3004}.Debug|x86.Build.0 = Debug|Win32
		{288D5C33-35A8-4B93-A5C4-82FFFE4D3004}.Release|x64.ActiveCfg = Release|x64
		{288D5C33-35A8-4B93-A5C4-82FFFE4D3004}.Release|x64.Build.0 = Release|x64
		{288D5C33-35A8-4B93-A5C4-82FFFE4D3004}.Release|x86.ActiveCfg = Release|Win32
		{288D5C33-35A8-4B93-A5C4-82FFFE4D3004}.Release|x86.Build.0 = Release|Win32
		{427ED87C-6B3C-47B9-9C61-E46422988697}.Debug|x64.ActiveCfg = Debug|x64
		{427ED87C-6B3C-47B9-9C61-E46422988697}.Debug|x64.Build.0 = Debug|x64
		{427ED87C-6B3C-47B9-9C61-E46422988697}.Debug|x86.ActiveCfg = Debug|Win32
		{427ED87C-6B3C-47B9-9C61-E46422988697}.Debug|x86.Build.0 = Debug|Win32
		{427ED87C-6B3C-47B9-9C61-E46422988697}.Release|x64.ActiveCfg = Release|x64
		{427ED87C-6B3C-47B9-9C61-E46422988697}.Release|x64.Build.0 = Release|x64
		{427ED87C-6B3C-47B9-9C61-E46422988697}.Release|x86.ActiveCfg = Release|Win32
		{427ED87C-6B3C-47B9-9C61-E46422988697}.Release|x86.Build.0 = Release|Win32
		{C00DD264-DDFC-41CC-8C82-318BA70DEECC}.Debug|x64.ActiveCfg = Debug|x64
		{C00DD264-DDFC-41CC-8C82-318BA70DEECC}.Debug|x64.Build.0 = Debug|x64
		{C00DD264-DDFC-41CC-8C82-318BA70DEECC}.Debug|x86.ActiveCfg = Debug|Win32
		{C00DD264-DDFC-41CC-8C82-318BA70DEECC}.Debug|x86.Build.0 = Debug|Win32
		{C00DD264-DDFC-41CC-8C82-318BA70DEECC}.Release|x64.ActiveCfg = Release|x64
		{C00DD264-DDFC-41CC-8C82-318BA70DEECC}.Release|x64.Build.0 = Release|x64
		{C00DD264-DDFC-41CC-8C82-318BA70DEECC}.Release|x86.ActiveCfg = Release|Win32
		{C00DD264-DDFC-41CC-8C82-318BA70DEECC}.Release|x86.Build.0 = Release|Win32
		{A03BFC1E-8A58-4B0E-9912-A94299DB0B62}.Debug|x64.ActiveCfg = Debug|x64
		{A03BFC1E-8A58-4B0E-9912-A94299DB0B62}.Debug|x64.Build.0 = Debug|x64
		{A03BFC1E-8A58-4B0E-9912-A94299DB0B62}.Debug|x86.ActiveCfg = Debug|Win32
		{A03BFC1E-8A58-4B0E-9912-A94299DB0B62}.Debug|x86.Build.0 = Debug|Win32
		{A03BFC1E-8A58-4B0E-9912-A94299DB0B62}.Release|x64.ActiveCfg = Release|x64
		{A03BFC1E-8A58-4B0E-9912-A94299DB0B62}.Release|x64.Build.0 = Release|x64
		{A03BFC1E-8A58-4B0E-9912-A94299DB0B62}.Release|x86.ActiveCfg = Release|Win32
		{A03BFC1E-8A58-4B0E-9912-A94299DB0B62}.Release|x86.Build.0 = Release|Win32
		{17295CDB-7B66-44E9-80C0-3DD8A415366C}.Debug|x64.ActiveCfg = Debug|x64
		{17295CDB-7B66-44E9-80C0-3DD8A415366C}.Debug|x64.Build.0 = Debug|x64
		{17295CDB-7B66-44E9-80C0-3DD8A415366C}.Debug|x86.ActiveCfg = Debug|Win32
		{17295CDB-7B66-44E9-80C0-3DD8A415366C}.Debug|x86.Build.0 = Debug|Win32
		{17295CDB-7B66-44E9-80C0-3DD8A415366C}.Release|x64.ActiveCfg = Release|x64
		{17295CDB-7B66-44E9-80C0-3DD8A415366C}.Release|x64.Build.0 = Release|x64
		{17295CDB-7B66-44E9-80C0-3DD8A415366C}.Release|x86.ActiveCfg = Release|Win32
		{17295CDB-7B66-44E9-80C0-3DD8A415366C}.Release|x86.Build.0 = Release|Win32
		{92A3570B-838C-43A9-B4AD-D852E8014521}.Debug|x64.ActiveCfg = Debug|x64
		{92A3570B-838C-43A9-B4AD-D852E8014521}.Debug|x64.Build.0 = Debug|x64
		{92A3570B-838C-43A9-B4AD-D852E8014521}.Debug|x86.ActiveCfg = Debug|Win32
		{92A3570B-838C-43A9-B4AD-D852E8014521}.Debug|x86.Build.0 = Debug|Win32
		{92A3570B-838C-43A9-B4AD-D852E8014521}.Release|x64.ActiveCfg = Release|x64
		{92A3570B-838C-43A9-B4AD-D852E8014521}.Release|x64.Build.0 = Release|x64
		{92A3570B-838C-43A9-B4AD-D852E8014521}.Release|x86.ActiveCfg = Release|Win32
		{92A3570B-838C-43A9-B4AD-D852E8014521}.Release|x86.Build.0 = Release|Win32
		{0932B04B-808B-4ED9-A26B-51FC5731FCD8}.Debug|x64.ActiveCfg = Debug|x64
		{0932B04B-808B-4ED9-A26B-51FC5731FCD8}.Debug|x64.Build.0 = Debug|x64
		{0932B04B-808B-4ED9-A26B-51FC5731FCD8}.Debug|x86.ActiveCfg = Debug|Win32
		{0932B04B-808B-4ED9-A26B-51FC5731FCD8}.Debug|x86.Build.0 = Debug|Win32
		{0932B04B-808B-4ED9-A26B-51FC5731FCD8}.Release|x64.ActiveCfg = Release|x64
		{0932B04B-808B-4ED9-A26B-51FC5731FCD8}.Release|x64.Build.0 = Release|x64
		{0932B04B-808B-4ED9-A26B-51FC5731FCD8}.Release|x86.ActiveCfg = Release|Win32
		{0932B04B-808B-4ED9-A26B-51FC5731FCD8}.Release|x86.Build.0 = Release|Win32
		{6EC12AD5-362D-4141-A7EF-893DDEE85A76}.Debug|x64.ActiveCfg = Debug|x64
		{6EC12AD5-362D-4141-A7EF-893DDEE85A76}.Debug|x64.Build.0 = Debug|x64
		{6EC12AD5-362D-4141-A7EF-893DDEE85A76}.Debug|x86.ActiveCfg = Debug|Win32
		{6EC12AD5-362D-4141-A7EF-893DDEE85A76}.Debug|x86.Build.0 = Debug|Win32
		{6EC12AD5-362D-4141-A7EF-893DDEE85A76}.Release|x64.ActiveCfg = Release|x64
		{6EC12AD5-362D-4141-A7EF-893DDEE85A76}.Release|x64.Build.0 = Release|x64
		{6EC12AD5-362D-4141-A7EF-893DDEE85A76}.Release|x86.ActiveCfg = Release|Win32
		{6EC12AD5-362D-4141-A7EF-893DDEE85A76}.Release|x86.Build.0 = Release|Win32
		{AA9131FF-16DF-45FC-86F1-BA7FB5093310}.Debug|x64.ActiveCfg = Debug|x64
		{AA9131FF-16DF-45FC-86F1-BA7FB5093310}.Debug|x64.Build.0 = Debug|x64
		{AA9131FF-16DF-45FC-86F1-BA7FB5093310}.Debug|x86.ActiveCfg = Debug|Win32
		{AA9131FF-16DF-45FC-86F1-BA7FB5093310}.Debug|x86.Build.0 = Debug|Win32
		{AA9131FF-16DF-45FC-86F1-BA7FB5093310}.Release|x64.ActiveCfg = Release|x64
		{AA9131FF-16DF-45FC-86F1-BA7FB5093310}.Release|x64.Build.0 = Release|x64
		{AA9131FF-16DF-45FC-86F1-BA7FB5093310}.Release|x86.ActiveCfg = Release|Win32
		{AA9131FF-16DF-45FC-86F1-BA7FB5093310}.Release|x86.Build.0 = Release|Win32
		{B66F758E-5419-4264-8F92-F32308B35CAE}.Debug|x64.ActiveCfg = Debug|x64
		{B66F758E-5419-4264-8F92-F32308B35CAE}.Debug|x64.Build.0 = Debug|x64
		{B66F758E-5419-4264-8F92-F32308B35CAE}.Debug|x86.ActiveCfg = Debug|Win32
		{B66F758E-5419-4264-8F92-F32308B35CAE}.Debug|x86.Build.0 = Debug|Win32
		{B66F758E-5419-4264-8F92-F32308B35CAE}.Release|x64.ActiveCfg = Release|x64
		{B66F758E-5419-4264-8F92-F32308B35CAE}.Release|x64.Build.0 = Release|x64
		{B66F758E-5419-4264-8F92-F32308B35CAE}.Release|x86.ActiveCfg = Release|Win32
		{B66F758E-5419-4264-8F92-F32308B35CAE}.Release|x86.Build.0 = Release|Win32
		{DBD4AD6C-F010-44E8-B6BC-903FD45A8591}.Debug|x64.ActiveCfg = Debug|x64
		{DBD4AD6C-F010-44E8-B6BC-903FD45A8591}.Debug|x64.Build.0 = Debug|x64
		{DBD4AD6C-F010-44E8-B6BC-903FD45A8591}.Debug|x86.ActiveCfg = Debug|Win32
		{DBD4AD6C-F010-44E8-B6BC-903FD45A8591}.Debug|x86.Build.0 = Debug|Win32
		{DBD4AD6C-F010-44E8-B6BC-903FD45A8591}.Release|x64.ActiveCfg = Release|x64
		{DBD4AD6C-F010-44E8-B6BC-903FD45A8591}.Release|x64.Build.0 = Release|x64
		{DBD4AD6C-F010-44E8-B6BC-903FD45A8591}.Release|x86.ActiveCfg = Release|Win32
		{DBD4AD6C-F010-44E8-B6BC-903FD45A8591}.Release|x86.Build.0 = Release|Win32
		{0E03153B-C8BF-4E27-B12B-7664DD27A804}.Debug|x64.ActiveCfg = Debug|x64
		{0E03153B-C8BF-4E27-B12B-7664DD27A804}.Debug|x64.Build.0 = Debug|x64
		{0E03153B-C8BF-4E27-B12B-7664DD27A804}.Debug|x86.ActiveCfg = Debug|Win32
		{0E03153B-C8BF-4E27-B12B-7664DD27A804}.Debug|x86.Build.0 = Debug|Win32
		{0E03153B-C8BF-4E27-B12B-7664DD27A804}.Release|x64.ActiveCfg = Release|x64
		{0E03153B-C8BF-4E27-B12B-7664DD27A804}.Release|x64.Build.0 = Release|x64
		{0E03153B-C8BF-4E27-B12B-7664DD27A804}.Release|x86.ActiveCfg = Release|Win32
		{0E03153B-C8BF-4E27-B12B-7664DD27A804}.Release|x86.Build.0 = Release|Win32
		{B33DB986-DC65-4784-AC2A-0291ECD50248}.Debug|x64.ActiveCfg = Debug|x64
		{B33DB986-DC65-4784-AC2A-0291ECD50248}.Debug|x64.Build.0 = Debug|x64
		{B33DB986-DC65-4784-AC2A-0291ECD50248}.Debug|x86.ActiveCfg = Debug|Win32
		{B33DB986-DC65-4784-AC2A-0291ECD50248}.Debug|x86.Build.0 = Debug|Win32
		{B33DB986-DC65-4784-AC2A-0291ECD50248}.Release|x64.ActiveCfg = Release|x64
		{B33DB986-DC65-4784-AC2A-0291ECD50248}.Release|x64.Build.0 = Release|x64
		{B33DB986-DC65-4784-AC2A-0291ECD50248}.Release|x86.ActiveCfg = Release|Win32
		{B33DB986-DC65-4784-AC2A-0291ECD50248}.Release|x86.Build.0 = Release|Win32
		{6B26034A-9541-4542-9C1E-12A4FA76A5A5}.Debug|x64.ActiveCfg = Debug|x64
		{6B26034A-9541-4542-9C1E-12A4FA76A5A5}.Debug|x64.Build.0 = Debug|x64
		{6B26034A-9541-4542-9C1E-12A4FA76A5A5}.Debug|x86.ActiveCfg = Debug|Win32
		{6B26034A-9541-4542-9C1E-12A4FA76A5A5}.Debug|x86.Build.0 = Debug|Win32
		{6B26034A-9541-4542-9C1E-12A4FA76A5A5}.Release|x64.ActiveCfg = Release|x64
		{6B26034A-9541-4542-9C1E-12A4FA76A5A5}.Release|x64.Build.0 = Release|x64
		{6B26034A-9541-4542-9C1E-12A4FA76A5A5}.Release|x86.ActiveCfg = Release|Win32
		{6B26034A-9541-4542-9C1E-12A4FA76A5A5}.Release|x86.Build.0 = Release|Win32
		{38203D85-FE84-4007-960F-8965A98A66BA}.Debug|x64.ActiveCfg = Debug|x64
		{38203D85-FE84-4007-960F-8965A98A66BA}.Debug|x64.Build.0 = Debug|x64
		{38203D85-FE84-4007-960F-8965A98A66BA}.Debug|x86.ActiveCfg = Debug|Win32
		{38203D85-FE84-4007-960F-8965A98A66BA}.Debug|x86.Build.0 = Debug|Win32
		{38203D85-FE84-4007-960F-8965A98A66BA}.Release|x64.ActiveCfg = Release|x64
		{38203D85-FE84-4007-960F-8965A98A66BA}.Release|x64.Build.0 = Release|x64
		{38203D85-FE84-4007-960F-8965A98A66BA}.Release|x86.ActiveCfg = Release|Win32
		{38203D85-FE84-4007-960F-8965A98A66BA}.Release|x86.Build.0 = Release|Win32
		{0FFF4E97-28F0-4CD8-9CB0-5D783AA0C6A7}.Debug|x64.ActiveCfg = Debug|x64
		{0FFF4E97-28F0-4CD8-9CB0-5D783AA0C6A7}.Debug|x64.Build.0 = Debug|x64
		{0FFF4E97-28F0-4CD8-9CB0-5D783AA0C6A7}.Debug|x86.ActiveCfg = Debug|Win32
		{0FFF4E97-28F0-4CD8-9CB0-5D783AA0C6A7}.Debug|x86.Build.0 = Debug|Win32
		{0FFF4E97-28F0-4CD8-9CB0-5D783AA0C6A7}.Release|x64.ActiveCfg = Release|x64
		{0FFF4E97-28F0-4CD8-9CB0-5D783AA0C6A7}.Release|x64.Build.0 = Release|x64
		{0FFF4E97-28F0-4CD8-9CB0-5D783AA0C6A7}.Release|x86.ActiveCfg = Release|Win32
		{0FFF4E97-28F0-4CD8-9CB0-5D783AA0C6A7}.Release|x86.Build.0 = Release|Win32
		{906DCAF2-4FC1-4BC4-8517-4BF433A284C4}.Debug|x64.ActiveCfg = Debug|x64
		{906DCAF2-4FC1-4BC4-8517-4BF433A284C4}.Debug|x64.Build.0 = Debug|x64
		{906DCAF2-4FC1-4BC4-8517-4BF433A284C4}.Debug|x86.ActiveCfg = Debug|Win32
		{906DCAF2-4FC1-4BC4-8517-4BF433A284C4}.Debug|x86.Build.0 = Debug|Win32
		{906DCAF2-4FC1-4BC4-8517-4BF433A284C4}.Release|x64.ActiveCfg = Release|x64
		{906DCAF2-4FC1-4BC4-8517-4BF433A284C4}.Release|x64.Build.0 = Release|x64
		{906DCAF2-4FC1-4BC4-8517-4BF433A284C4}.Release|x86.ActiveCfg = Release|Win32
		{906DCAF2-4FC1-4BC4-8517-4BF433A284C4}.Release|x86.Build.0 = Release|Win32
		{A30E82BE-D6D8-4FEA-B01A-7462ECA986A8}.Debug|x64.ActiveCfg = Debug|x64
		{A30E82BE-D6D8-4FEA-B01A-7462ECA986A8}.Debug|x64.Build.0 = Debug|x64
		{A30E82BE-D6D8-4FEA-B01A-7462ECA986A8}.Debug|x86.ActiveCfg = Debug|Win32
		{A30E82BE-D6D8-4FEA-B01A-7462ECA986A8}.Debug|x86.Build.0 = Debug|Win32
		{A30E82BE-D6D8-4FEA-B01A-7462ECA986A8}.Release|x64.ActiveCfg = Release|x64
		{A30E82BE-D6D8-4FEA-B01A-7462ECA986A8}.Release|x64.Build.0 = Release|x64
		{A30E82BE-D6D8-4FEA-B01A-7462ECA986A8}.Release|x86.ActiveCfg = Release|Win32
		{A30E82BE-D6D8-4FEA-B01A-7462ECA986A8}.Release|x86.Build.0 = Release|Win32
		{80418138-D3E2-4AB6-A37B-66B57C67DC31}.Debug|x64.ActiveCfg = Debug|x64
		{80418138-D3E2-4AB6-A37B-66B57C67DC31}.Debug|x64.Build.0 = Debug|x64
		{80418138-D3E2-4AB6-A37B-66B57C67DC31}.Debug|x86.ActiveCfg = Debug|Win32
		{80418138-D3E2-4AB6-A37B-66B57C67DC31}.Debug|x86.Build.0 = Debug|Win32
		{80418138-D3E2-4AB6-A37B-66B57C67DC31}.Release|x64.ActiveCfg = Release|x64
		{80418138-D3E2-4AB6-A37B-66B57C67DC31}.Release|x64.Build.0 = Release|x64
		{80418138-D3E2-4AB6-A37B-66B57C67DC31}.Release|x86.ActiveCfg = Release|Win32
		{80418138-D3E2-4AB6-A37B-66B57C67DC31}.Release|x86.Build.0 = Release|Win32
		{557C699F-591C-4596-8C4B-B0E07CB50D4E}.Debug|x64.ActiveCfg = Debug|x64
		{557C699F-591C-4596-8C4B-B0E07CB50D4E}.Debug|x64.Build.0 = Debug|x64
		{557C699F-591C-4596-8C4B-B0E07CB50D4E}.Debug|x86.ActiveCfg = Debug|Win32
		{557C699F-591C-4596-8C4B-B0E07CB50D4E}.Debug|x86.Build.0 = Debug|Win32
		{557C699F-591C-4596-8C4B-B0E07CB50D4E}.Release|x64.ActiveCfg = Release|x64
		{557C699F-591C-4596-8C4B-B0E07CB50D4E}.Release|x64.Build.0 = Release|x64
		{557C699F-591C-4596-8C4B-B0E07CB50D4E}.Release|x86.ActiveCfg = Release|Win32
		{557C699F-591C-4596-8C4B-B0E07CB50D4E}.Release|x86.Build.0 = Release|Win32
		{99697C8A-4E13-4AE3-ACBC-E2218C227651}.Debug|x64.ActiveCfg = Debug|x64
		{99697C8A-4E13-4AE3-ACBC-E2218C227651}.Debug|x64.Build.0 = Debug|x64
		{99697C8A-4E13-4AE3-ACBC-E2218C227651}.Debug|x86.ActiveCfg = Debug|Win32
		{99697C8A-4E13-4AE3-ACBC-E2218C227651}.Debug|x86.Build.0 = Debug|Win32
		{99697C8A-4E13-4AE3-ACBC-E2218C227651}.Release|x64.ActiveCfg = Release|x64
		{99697C8A-4E13-4AE3-ACBC-E2218C227651}.Release|x64.Build.0 = Release|x64
		{99697C8A-4E13-4AE3-ACBC-E2218C227651}.Release|x86.ActiveCfg = Release|Win32
		{99697C8A-4E13-4AE3-ACBC-E2218C227651}.Release|x86.Build.0 = Release|Win32
		{E8372533-4F7B-4218-A1C9-FAC17A74331B}.Debug|x64.ActiveCfg = Debug|x64
		{E8372533-4F7B-4218-A1C9-FAC17A74331B}.Debug|x64.Build.0 = Debug|x64
		{E8372533-4F7B-4218-A1C9-FAC17A74331B}.Debug|x86.ActiveCfg = Debug|Win32
		{E8372533-4F7B-4218-A1C9-FAC17A74331B}.Debug|x86.Build.0 = Debug|Win32
		{E8372533-4F7B-4218-A1C9-FAC17A74331B}.Release|x64.ActiveCfg = Release|x64
		{E8372533-4F7B-4218-A1C9-FAC17A74331B}.Release|x64.Build.0 = Release|x64
		{E8372533-4F7B-4218-A1C9-FAC17A74331B}.Release|x86.ActiveCfg = Release|Win32
		{E8372533-4F7B-4218-A1C9-FAC17A74331B}.Release|x86.Build.0 = Release|Win32
		{5FD46139-B610-498A-AEC8-4C21917A736E}.Debug|x64.ActiveCfg = Debug|x64
		{5FD46139-B610-498A-AEC8-4C21917A736E}.Debug|x64.Build.0 = Debug|x64
		{5FD46139-B610-498A-AEC8-4C21917A736E}.Debug|x86.ActiveCfg = Debug|Win32
		{5FD46139-B610-498A-AEC8-4C21917A736E}.Debug|x86.Build.0 = Debug|Win32
		{5FD46139-B610-498A-AEC8-4C21917A736E}.Release|x64.ActiveCfg = Release|x64
		{5FD46139-B610-498A-AEC8-4C21917A736E}.Release|x64.Build.0 = Release|x64
		{5FD46139-B610-498A-AEC8-4C21917A736E}.Release|x86.ActiveCfg = Release|Win32
		{5FD46139-B610-498A-AEC8-4C21917A736E}.Release|x86.Build.0 = Release|Win32
		{CCE5909E-D9C1-4DDA-B8B0-87E4B77B395C}.Debug|x64.ActiveCfg = Debug|x64
		{CCE5909E-D9C1-4DDA-B8B0-87E4B77B395C}.Debug|x64.Build.0 = Debug|x64
		{CCE5909E-D9C1-4DDA-B8B0-87E4B77B395C}.Debug|x86.ActiveCfg = Debug|Win32
		{CCE5909E-D9C1-4DDA-B8B0-87E4B77B395C}.Debug|x86.Build.0 = Debug|Win32
		{CCE5909E-D9C1-4DDA-B8B0-87E4B77B395C}.Release|x64.ActiveCfg = Release|x64
		{CCE5909E-D9C1-4DDA-B8B0-87E4B77B395C}.Release|x64.Build.0 = Release|x64
		{CCE5909E-D9C1-4DDA-B8B0-87E4B77B395C}.Release|x86.ActiveCfg = Release|Win32
		{CCE5909E-D9C1-4DDA-B8B0-87E4B77B395C}.Release|x86.Build.0 = Release|Win32
		{ABBB7693-F516-42AE-A4F7-C5D073BF7D79}.Debug|x64.ActiveCfg = Debug|x64
		{ABBB7693-F516-42AE-A4F7-C5D073BF7D79}.Debug|x64.Build.0 = Debug|x64
		{ABBB7693-F516-42AE-A4F7-C5D073BF7D79}.Debug|x86.ActiveCfg = Debug|Win32
		{ABBB7693-F516-42AE-A4F7-C5D073BF7D79}.Debug|x86.Build.0 = Debug|Win32
		{ABBB7693-F516-42AE-A4F7-C5D073BF7D79}.Release|x64.ActiveCfg = Release|x64
		{ABBB7693-F516-42AE-A4F7-C5D073BF7D79}.Release|x64.Build.0 = Release|x64
		{ABBB7693-F516-42AE-A4F7-C5D073BF7D79}.Release|x86.ActiveCfg = Release|Win32
		{ABBB7693-F516-42AE-A4F7-C5D073BF7D79}.Release|x86.Build.0 = Release|Win32
		{A1D085B4-6FE0-473D-9329-A7B5D3F1BD0A}.Debug|x64.ActiveCfg = Debug|x64
		{A1D085B4-6FE0-473D-9329-A7B5D3F1BD0A}.Debug|x64.Build.0 = Debug|x64
		{A1D085B4-6FE0-473D-9329-A7B5D3F1BD0A}.Debug|x86.ActiveCfg = Debug|Win32
		{A1D085B4-6FE0-473D-9329-A7B5D3F1BD0A}.Debug|x86.Build.0 = Debug|Win32
		{A1D085B4-6FE0-473D-9329-A7B5D3F1BD0A}.Release|x64.ActiveCfg = Release|x64
		{A1D085B4-6FE0-473D-9329-A7B5D3F1BD0A}.Release|x64.Build.0 = Release|x64
		{A1D085B4-6FE0-473D-9329-A7B5D3F1BD0A}.Release|x86.ActiveCfg = Release|Win32
		{A1D085B4-6FE0-473D-9329-A7B5D3F1BD0A}.Release|x86.Build.0 = Release|Win32
		{E4716546-CF87-425C-A81E-852C4381FD80}.Debug|x64.ActiveCfg = Debug|x64
		{E4716546-CF87-425C-A81E-852C4381FD80}.Debug|x64.Build.0 = Debug|x64
		{E4716546-CF87-425C-A81E-852C4381FD80}.Debug|x86.ActiveCfg = Debug|Win32
		{E4716546-CF87-425C-A81E-852C4381FD80}.Debug|x86.Build.0 = Debug|Win32
		{E4716546-CF87-425C-A81E-852C4381FD80}.Release|x64.ActiveCfg = Release|x64
		{E4716546-CF87-425C-A81E-852C4381FD80}.Release|x64.Build.0 = Release|x64
		{E4716546-CF87-425C-A81E-852C4381FD80}.Release|x86.ActiveCfg = Release|Win32
		{E4716546-CF87-425C-A81E-852C4381FD80}.Release|x86.Build.0 = Release|Win32
		{105A12ED-D2DD-4088-9A39-013BB52E46B7}.Debug|x64.ActiveCfg = Debug|x64
		{105A12ED-D2DD-4088-9A39-013BB52E46B7}.Debug|x64.Build.0 = Debug|x64
		{105A12ED-D2DD-4088-9A39-013BB52E46B7}.Debug|x86.ActiveCfg = Debug|Win32
		{105A12ED-D2DD-4088-9A39-013BB52E46B7}.Debug|x86.Build.0 = Debug|Win32
		{105A12ED-D2DD-4088-9A39-013BB52E46B7}.Release|x64.ActiveCfg = Release|x64
		{105A12ED-D2DD-4088-9A39-013BB52E46B7}.Release|x64.Build.0 = Release|x64
		{105A12ED-D2DD-4088-9A39-013BB52E46B7}.Release|x86.ActiveCfg = Release|Win32
		{105A12ED-D2DD-4088-9A39-013BB52E46B7}.Release|x86.Build.0 = Release|Win32
		{1070D9C0-8221-487F-8CEB-E8ECDE69C008}.Debug|x64.ActiveCfg = Debug|x64
		{1070D9C0-8221-487F-8CEB-E8ECDE69C008}.Debug|x64.Build.0 = Debug|x64
		{1070D9C0-8221-487F-8CEB-E8ECDE69C008}.Debug|x86.ActiveCfg = Debug|Win32
		{1070D9C0-8221-487F-8CEB-E8ECDE69C008}.Debug|x86.Build.0 = Debug|Win32
		{1070D9C0-8221-487F-8CEB-E8ECDE69C008}.Release|x64.ActiveCfg = Release|x64
		{1070D9C0-8221-487F-8CEB-E8ECDE69C008}.Release|x64.Build.0 = Release|x64
		{1070D9C0-8221-487F-8CEB-E8ECDE69C008}.Release|x86.ActiveCfg = Release|Win32
		{1070D9C0-8221-487F-8CEB-E8ECDE69C008}.Release|x86.Build.0 = Release|Win32
		{EAB3D339-8D97-4455-A6EC-D458CCF6DE45}.Debug|x64.ActiveCfg = Debug|x64
		{EAB3D339-8D97-4455-A6EC-D458CCF6DE45}.Debug|x64.Build.0 = Debug|x64
		{EAB3D339-8D97-4455-A6EC-D458CCF6DE45}.Debug|x86.ActiveCfg = Debug|Win32
		{EAB3D339-8D97-4455-A6EC-D458CCF6DE45}.Debug|x86.Build.0 = Debug|Win32
		{EAB3D339-8D97-4455-A6EC-D458CCF6DE45}.Release|x64.ActiveCfg = Release|x64
		{EAB3D339-8D97-4455-A6EC-D458CCF6DE45}.Release|x64.Build.0 = Release|x64
		{EAB3D339-8D97-4455-A6EC-D458CCF6DE45}.Release|x86.ActiveCfg = Release|Win32
		{EAB3D339-8D97-4455-A6EC-D458CCF6DE45}.Release|x86.Build.0 = Release|Win32
		{C4075047-2496-4B4C-85B3-7932ED862E8A}.Debug|x64.ActiveCfg = Debug|x64
		{C4075047-2496-4B4C-85B3-7932ED862E8A}.Debug|x64.Build.0 = Debug|x64
		{C4075047-2496-4B4C-85B3-7932ED862E8A}.Debug|x86.ActiveCfg = Debug|Win32
		{C4075047-2496-4B4C-85B3-7932ED862E8A}.Debug|x86.Build.0 = Debug|Win32
		{C4075047-2496-4B4C-85B3-7932ED862E8A}.Release|x64.ActiveCfg = Release|x64
		{C4075047-2496-4B4C-85B3-7932ED862E8A}.Release|x64.Build.0 = Release|x64
		{C4075047-2496-4B4C-85B3-7932ED862E8A}.Release|x86.ActiveCfg = Release|Win32
		{C4075047-2496-4B4C-85B3-7932ED862E8A}.Release|x86.Build.0 = Release|Win32
		{950F3474-7951-497B-BCF1-60BB04DA7404}.Debug|x64.ActiveCfg = Debug|x64
		{950F3474-7951-497B-BCF1-60BB04DA7404}.Debug|x64.Build.0 = Debug|x64
		{950F3474-7951-497B-BCF1-60BB04DA7404}.Debug|x86.ActiveCfg = Debug|Win32
		{950F3474-7951-497B-BCF1-60BB04DA7404}.Debug|x86.Build.0 = Debug|Win32
		{950F3474-7951-497B-BCF1-60BB04DA7404}.Release|x64.ActiveCfg = Release|x64
		{950F3474-7951-497B-BCF1-60BB04DA7404}.Release|x64.Build.0 = Release|x64
		{950F3474-7951-497B-BCF1-60BB04DA7404}.Release|x86.ActiveCfg = Release|Win32
		{950F3474-7951-497B-BCF1-60BB04DA7404}.Release|x86.Build.0 = Release|Win32
		{CB7FC324-EE24-4D7D-BDCF-0EFE5907BCA8}.Debug|x64.ActiveCfg = Debug|x64
		{CB7FC324-EE24-4D7D-BDCF-0EFE5907BCA8}.Debug|x64.Build.0 = Debug|x64
		{CB7FC324-EE24-4D7D-BDCF-0EFE5907BCA8}.Debug|x86.ActiveCfg = Debug|Win32
		{CB7FC324-EE24-4D7D-BDCF-0EFE5907BCA8}.Debug|x86.Build.0 = Debug|Win32
		{CB7FC324-EE24-4D7D-BDCF-0EFE5907BCA8}.Release|x64.ActiveCfg = Release|x64
		{CB7FC324-EE24-4D7D-BDCF-0EFE5907BCA8}.Release|x64.Build.0 = Release|x64
		{CB7FC324-EE24-4D7D-BDCF-0EFE5907BCA8}.Release|x86.ActiveCfg = Release|Win32
		{CB7FC324-EE24-4D7D-BDCF-0EFE5907BCA8}.Release|x86.Build.0 = Release|Win32
		{DBEF9FB1-5D5C-443C-B762-9179C2895CF3}.Debug|x64.ActiveCfg = Debug|x64
		{DBEF9FB1-5D5C-443C-B762-9179C2895CF3}.Debug|x64.Build.0 = Debug|x64
		{DBEF9FB1-5D5C-443C-B762-9179C2895CF3}.Debug|x86.ActiveCfg = Debug|Win32
		{DBEF9FB1-5D5C-443C-B762-9179C2895CF3}.Debug|x86.Build.0 = Debug|Win32
		{DBEF9FB1-5D5C-443C-B762-9179C2895CF3}.Release|x64.ActiveCfg = Release|x64
		{DBEF9FB1-5D5C-443C-B762-9179C2895CF3}.Release|x64.Build.0 = Release|x64
		{DBEF9FB1-5D5C-443C-B762-9179C2895CF3}.Release|x86.ActiveCfg = Release|Win32
		{DBEF9FB1-5D5C-443C-B762-9179C2895CF3}.Release|x86.Build.0 = Release|Win32
		{F2820CB6-FC4C-4834-BCA0-BFE510195AB3}.Debug|x64.ActiveCfg = Debug|x64
		{F2820CB6-FC4C-4834-BCA0-BFE510195AB3}.Debug|x64.Build.0 = Debug|x64
		{F2820CB6-FC4C-4834-BCA0-BFE510195AB3}.Debug|x86.ActiveCfg = Debug|Win32
		{F2820CB6-FC4C-4834-BCA0-BFE510195AB3}.Debug|x86.Build.0 = Debug|Win32
		{F2820CB6-FC4C-4834-BCA0-BFE510195AB3}.Release|x64.ActiveCfg = Release|x64
		{F2820CB6-FC4C-4834-BCA0-BFE510195AB3}.Release|x64.Build.0 = Release|x64
		{F2820CB6-FC4C-4834-BCA0-BFE510195AB3}.Release|x86.ActiveCfg = Release|Win32
		{F2820CB6-FC4C-4834-BCA0-BFE510195AB3}.Release|x86.Build.0 = Release|Win32
		{9360A0DB-395D-4266-A97D-0BB753574A3D}.Debug|x64.ActiveCfg = Debug|x64
		{9360A0DB-395D-4266-A97D-0BB753574A3D}.Debug|x64.Build.0 = Debug|x64
		{9360A0DB-395D-4266-A97D-0BB753574A3D}.Debug|x86.ActiveCfg = Debug|Win32
		{9360A0DB-395D-4266-A97D-0BB753574A3D}.Debug|x86.Build.0 = Debug|Win32
		{9360A0DB-395D-4266-A97D-0BB753574A3D}.Release|x64.ActiveCfg = Release|x64
		{9360A0DB-395D-4266-A97D-0BB753574A3D}.Release|x64.Build.0 = Release|x64
		{9360A0DB-395D-4266-A97D-0BB753574A3D}.Release|x86.ActiveCfg = Release|Win32
		{9360A0DB-395D-4266-A97D-0BB753574A3D}.Release|x86.Build.0 = Release|Win32
		{4A42DE3A-8C51-4601-B7EB-7AF0B18B1028}.Debug|x64.ActiveCfg = Debug|x64
		{4A42DE3A-8C51-4601-B7EB-7AF0B18B1028}.Debug|x64.Build.0 = Debug|x64
		{4A42DE3A-8C51-4601-B7EB-7AF0B18B1028}.Debug|x86.ActiveCfg = Debug|Win32
		{4A42DE3A-8C51-4601-B7EB-7AF0B18B1028}.Debug|x86.Build.0 = Debug|Win32
		{4A42DE3A-8C51-4601-B7EB-7AF0B18B1028}.Release|x64.ActiveCfg = Release|x64
		{4A42DE3A-8C51-4601-B7EB-7AF0B18B1028}.Release|x64.Build.0 = Release|x64
		{4A42DE3A-8C51-4601-B7EB-7AF0B18B1028}.Release|x86.ActiveCfg = Release|Win32
		{4A42DE3A-8C51-4601-B7EB-7AF0B18B1028}.Release|x86.Build.0 = Release|Win32
		{EFEA464A-9DE5-4585-A84D-6E45466F0C0B}.Debug|x64.ActiveCfg = Debug|x64
		{EFEA464A-9DE5-4585-A84D-6E45466F0C0B}.Debug|x64.Build.0 = Debug|x64
		{EFEA464A-9DE5-4585-A84D-6E45466F0C0B}.Debug|x86.ActiveCfg = Debug|Win32
		{EFEA464A-9DE5-4585-A84D-6E45466F0C0B}.Debug|x86.Build.0 = Debug|Win32
		{EFEA464A-9DE5-4585-A84D-6E45466F0C0B}.Release|x64.ActiveCfg = Release|x64
		{EFEA464A-9DE5-4585-A84D-6E45466F0C0B}.Release|x64.Build.0 = Release|x64
		{EFEA464A-9DE5-4585-A84D-6E45466F0C0B}.Release|x86.ActiveCfg = Release|Win32
		{EFEA464A-9DE5-4585-A84D-6E45466F0C0B}.Release|x86.Build.0 = Release|Win32
		{7C1009A5-C17B-419E-A0AE-47E577EBFBB1}.Debug|x64.ActiveCfg = Debug|x64
		{7C1009A5-C17B-419E-A0AE-47E577EBFBB1}.Debug|x64.Build.0 = Debug|x64
		{7C1009A5-C17B-419E-A0AE-47E577EBFBB1}.Debug|x86.ActiveCfg = Debug|Win32
		{7C1009A5-C17B-419E-A0AE-47E577EBFBB1}.Debug|x86.Build.0 = Debug|Win32
		{7C1009A5-C17B-419E-A0AE-47E577EBFBB1}.Release|x64.ActiveCfg = Release|x64
		{7C1009A5-C17B-419E-A0AE-47E577EBFBB1}.Release|x64.Build.0 = Release|x64
		{7C1009A5-C17B-419E-A0AE-47E577EBFBB1}.Release|x86.ActiveCfg = Release|Win32
		{7C1009A5-C17B-419E-A0AE-47E577EBFBB1}.Release|x86.Build.0 = Release|Win32
		{E79CBC31-F3B1-4D62-8E58-38B48919F0A7}.Debug|x64.ActiveCfg = Debug|x64
		{E79CBC31-F3B1-4D62-8E58-38B48919F0A7}.Debug|x64.Build.0 = Debug|x64
		{E79CBC31-F3B1-4D62-8E58-38B48919F0A7}.Debug|x86.ActiveCfg = Debug|Win32
		{E79CBC31-F3B1-4D62-8E58-38B48919F0A7}.Debug|x86.Build.0 = Debug|Win32
		{E79CBC31-F3B1-4D62-8E58-38B48919F0A7}.Release|x64.ActiveCfg = Release|x64
		{E79CBC31-F3B1-4D62-8E58-38B48919F0A7}.Release|x64.Build.0 = Release|x64
		{E79CBC31-F3B1-4D62-8E58-38B48919F0A7}.Release|x86.ActiveCfg = Release|Win32
		{E79CBC31-F3B1-4D62-8E58-38B48919F0A7}.Release|x86.Build.0 = Release|Win32
		{1645D437-0276-4819-A105-FEBAB63AF2CA}.Debug|x64.ActiveCfg = Debug|x64
		{1645D437-0276-4819-A105-FEBAB63AF2CA}.Debug|x64.Build.0 = Debug|x64
		{1645D437-0276-4819-A105-FEBAB63AF2CA}.Debug|x86.ActiveCfg = Debug|Win32
		{1645D437-0276-4819-A105-FEBAB63AF2CA}.Debug|x86.Build.0 = Debug|Win32
		{1645D437-0276-4819-A105-FEBAB63AF2CA}.Release|x64.ActiveCfg = Release|x64
		{1645D437-0276-4819-A105-FEBAB63AF2CA}.Release|x64.Build.0 = Release|x64
		{1645D437-0276-4819-A105-FEBAB63AF2CA}.Release|x86.ActiveCfg = Release|Win32
		{1645D437-0276-4819-A105-FEBAB63AF2CA}.Release|x86.Build.0 = Release|Win32
		{5FCB3C94-C27B-476C-B9DD-683418268591}.Debug|x64.ActiveCfg = Debug|x64
		{5FCB3C94-C27B-476C-B9DD-683418268591}.Debug|x64.Build.0 = Debug|x64
		{5FCB3C94-C27B-476C-B9DD-683418268591}.Debug|x86.ActiveCfg = Debug|Win32
		{5FCB3C94-C27B-476C-B9DD-683418268591}.Debug|x86.Build.0 = Debug|Win32
		{5FCB3C94-C27B-476C-B9DD-683418268591}.Release|x64.ActiveCfg = Release|x64
		{5FCB3C94-C27B-476C-B9DD-683418268591}.Release|x64.Build.0 = Release|x64
		{5FCB3C94-C27B-476C-B9DD-683418268591}.Release|x86.ActiveCfg = Release|Win32
		{5FCB3C94-C27B-476C-B9DD-683418268591}.Release|x86.Build.0 = Release|Win32
		{80A94826-4576-4E50-88D6-16551E6E6A11}.Debug|x64.ActiveCfg = Debug|Win32
		{80A94826-4576-4E50-88D6-16551E6E6A11}.Debug|x86.ActiveCfg = Debug|Win32
		{80A94826-4576-4E50-88D6-16551E6E6A11}.Debug|x86.Build.0 = Debug|Win32
		{80A94826-4576-4E50-88D6-16551E6E6A11}.Release|x64.ActiveCfg = Release|Win32
		{80A94826-4576-4E50-88D6-16551E6E6A11}.Release|x86.ActiveCfg = Release|Win32
		{80A94826-4576-4E50-88D6-16551E6E6A11}.Release|x86.Build.0 = Release|Win32
		{7DD43A46-1A24-4285-929A-61758D613938}.Debug|x64.ActiveCfg = Debug|Win32
		{7DD43A46-1A24-4285-929A-61758D613938}.Debug|x86.ActiveCfg = Debug|Win32
		{7DD43A46-1A24-4285-929A-61758D613938}.Debug|x86.Build.0 = Debug|Win32
		{7DD43A46-1A24-4285-929A-61758D613938}.Release|x64.ActiveCfg = Release|Win32
		{7DD43A46-1A24-4285-929A-61758D613938}.Release|x86.ActiveCfg = Release|Win32
		{7DD43A46-1A24-4285-929A-61758D613938}.Release|x86.Build.0 = Release|Win32
		{85335D45-9BEC-423E-8D43-3CFE0C033360}.Debug|x64.ActiveCfg = Debug|Win32
		{85335D45-9BEC-423E-8D43-3CFE0C033360}.Debug|x86.ActiveCfg = Debug|Win32
		{85335D45-9BEC-423E-8D43-3CFE0C033360}.Debug|x86.Build.0 = Debug|Win32
		{85335D45-9BEC-423E-8D43-3CFE0C033360}.Release|x64.ActiveCfg = Release|Win32
		{85335D45-9BEC-423E-8D43-3CFE0C033360}.Release|x86.ActiveCfg = Release|Win32
		{85335D45-9BEC-423E-8D43-3CFE0C033360}.Release|x86.Build.0 = Release|Win32
		{9E1CB6E3-0BF7-412B-AFF9-527ABA6157D8}.Debug|x64.ActiveCfg = Debug|Win32
		{9E1CB6E3-0BF7-412B-AFF9-527ABA6157D8}.Debug|x86.ActiveCfg = Debug|Win32
		{9E1CB6E3-0BF7-412B-AFF9-527ABA6157D8}.Debug|x86.Build.0 = Debug|Win32
		{9E1CB6E3-0BF7-412B-AFF9-527ABA6157D8}.Release|x64.ActiveCfg = Release|Win32
		{9E1CB6E3-0BF7-412B-AFF9-527ABA6157D8}.Release|x86.ActiveCfg = Release|Win32
		{9E1CB6E3-0BF7-412B-AFF9-527ABA6157D8}.Release|x86.Build.0 = Release|Win32
		{9B201863-705A-4B66-A47D-26EF5D9988F4}.Debug|x64.ActiveCfg = Debug|Win32
		{9B201863-705A-4B66-A47D-26EF5D9988F4}.Debug|x86.ActiveCfg = Debug|Win32
		{9B201863-705A-4B66-A47D-26EF5D9988F4}.Debug|x86.Build.0 = Debug|Win32
		{9B201863-705A-4B66-A47D-26EF5D9988F4}.Release|x64.ActiveCfg = Release|Win32
		{9B201863-705A-4B66-A47D-26EF5D9988F4}.Release|x86.ActiveCfg = Release|Win32
		{9B201863-705A-4B66-A47D-26EF5D9988F4}.Release|x86.Build.0 = Release|Win32
		{476C5216-F519-4728-B3CA-D38BDE500907}.Debug|x64.ActiveCfg = Debug|Win32
		{476C5216-F519-4728-B3CA-D38BDE500907}.Debug|x86.ActiveCfg = Debug|Win32
		{476C5216-F519-4728-B3CA-D38BDE500907}.Debug|x86.Build.0 = Debug|Win32
		{476C5216-F519-4728-B3CA-D38BDE500907}.Release|x64.ActiveCfg = Release|Win32
		{476C5216-F519-4728-B3CA-D38BDE500907}.Release|x86.ActiveCfg = Release|Win32
		{476C5216-F519-4728-B3CA-D38BDE500907}.Release|x86.Build.0 = Release|Win32
		{90EB1CF5-FC4D-417C-A5EE-C9AE2B0BEED8}.Debug|x64.ActiveCfg = Debug|Win32
		{90EB1CF5-FC4D-417C-A5EE-C9AE2B0BEED8}.Debug|x86.ActiveCfg = Debug|Win32
		{90EB1CF5-FC4D-417C-A5EE-C9AE2B0BEED8}.Debug|x86.Build.0 = Debug|Win32
		{90EB1CF5-FC4D-417C-A5EE-C9AE2B0BEED8}.Release|x64.ActiveCfg = Release|Win32
		{90EB1CF5-FC4D-417C-A5EE-C9AE2B0BEED8}.Release|x86.ActiveCfg = Release|Win32
		{90EB1CF5-FC4D-417C-A5EE-C9AE2B0BEED8}.Release|x86.Build.0 = Release|Win32
		{BBD87576-3A5E-40A3-B155-6907AF002ED0}.Debug|x64.ActiveCfg = Debug|Win32
		{BBD87576-3A5E-40A3-B155-6907AF002ED0}.Debug|x86.ActiveCfg = Debug|Win32
		{BBD87576-3A5E-40A3-B155-6907AF002ED0}.Debug|x86.Build.0 = Debug|Win32
		{BBD87576-3A5E-40A3-B155-6907AF002ED0}.Release|x64.ActiveCfg = Release|Win32
		{BBD87576-3A5E-40A3-B155-6907AF002ED0}.Release|x86.ActiveCfg = Release|Win32
		{BBD87576-3A5E-40A3-B155-6907AF002ED0}.Release|x86.Build.0 = Release|Win32
		{2B47D5E6-4C6D-4F2E-990E-296B450C816A}.Debug|x64.ActiveCfg = Debug|Win32
		{2B47D5E6-4C6D-4F2E-990E-296B450C816A}.Debug|x86.ActiveCfg = Debug|Win32
		{2B47D5E6-4C6D-4F2E-990E-296B450C816A}.Debug|x86.Build.0 = Debug|Win32
		{2B47D5E6-4C6D-4F2E-990E-296B450C816A}.Release|x64.ActiveCfg = Release|Win32
		{2B47D5E6-4C6D-4F2E-990E-296B450C816A}.Release|x86.ActiveCfg = Release|Win32
		{2B47D5E6-4C6D-4F2E-990E-296B450C816A}.Release|x86.Build.0 = Release|Win32
		{0BE7E586-43D1-411A-B391-F1CB064954FA}.Debug|x64.ActiveCfg = Debug|Win32
		{0BE7E586-43D1-411A-B391-F1CB064954FA}.Debug|x86.ActiveCfg = Debug|Win32
		{0BE7E586-43D1-411A-B391-F1CB064954FA}.Debug|x86.Build.0 = Debug|Win32
		{0BE7E586-43D1-411A-B391-F1CB064954FA}.Release|x64.ActiveCfg = Release|Win32
		{0BE7E586-43D1-411A-B391-F1CB064954FA}.Release|x86.ActiveCfg = Release|Win32
		{0BE7E586-43D1-411A-B391-F1CB064954FA}.Release|x86.Build.0 = Release|Win32
		{04CD83E6-4D35-4C9E-B1C8-74C658710F3E}.Debug|x64.ActiveCfg = Debug|Win32
		{04CD83E6-4D35-4C9E-B1C8-74C658710F3E}.Debug|x86.ActiveCfg = Debug|Win32
		{04CD83E6-4D35-4C9E-B1C8-74C658710F3E}.Debug|x86.Build.0 = Debug|Win32
		{04CD83E6-4D35-4C9E-B1C8-74C658710F3E}.Release|x64.ActiveCfg = Release|Win32
		{04CD83E6-4D35-4C9E-B1C8-74C658710F3E}.Release|x86.ActiveCfg = Release|Win32
		{04CD83E6-4D35-4C9E-B1C8-74C658710F3E}.Release|x86.Build.0 = Release|Win32
		{3EC010F2-ADD6-4115-8F2F-C34487147F35}.Debug|x64.ActiveCfg = Debug|Win32
		{3EC010F2-ADD6-4115-8F2F-C34487147F35}.Debug|x86.ActiveCfg = Debug|Win32
		{3EC010F2-ADD6-4115-8F2F-C34487147F35}.Debug|x86.Build.0 = Debug|Win32
		{3EC010F2-ADD6-4115-8F2F-C34487147F35}.Release|x64.ActiveCfg = Release|Win32
		{3EC010F2-ADD6-4115-8F2F-C34487147F35}.Release|x86.ActiveCfg = Release|Win32
		{3EC010F2-ADD6-4115-8F2F-C34487147F35}.Release|x86.Build.0 = Release|Win32
		{79A7024E-AAD4-4824-A03A-838DD6ED6EB1}.Debug|x64.ActiveCfg = Debug|Win32
		{79A7024E-AAD4-4824-A03A-838DD6ED6EB1}.Debug|x86.ActiveCfg = Debug|Win32
		{79A7024E-AAD4-4824-A03A-838DD6ED6EB1}.Debug|x86.Build.0 = Debug|Win32
		{79A7024E-AAD4-4824-A03A-838DD6ED6EB1}.Release|x64.ActiveCfg = Release|Win32
		{79A7024E-AAD4-4824-A03A-838DD6ED6EB1}.Release|x86.ActiveCfg = Release|Win32
		{79A7024E-AAD4-4824-A03A-838DD6ED6EB1}.Release|x86.Build.0 = Release|Win32
		{5722289F-D13C-4AE0-B76A-EDE6D16AD5D1}.Debug|x64.ActiveCfg = Debug|Win32
		{5722289F-D13C-4AE0-B76A-EDE6D16AD5D1}.Debug|x86.ActiveCfg = Debug|Win32
		{5722289F-D13C-4AE0-B76A-EDE6D16AD5D1}.Debug|x86.Build.0 = Debug|Win32
		{5722289F-D13C-4AE0-B76A-EDE6D16AD5D1}.Release|x64.ActiveCfg = Release|Win32
		{5722289F-D13C-4AE0-B76A-EDE6D16AD5D1}.Release|x86.ActiveCfg = Release|Win32
		{5722289F-D13C-4AE0-B76A-EDE6D16AD5D1}.Release|x86.Build.0 = Release|Win32
		{00FC2E1D-913D-43AD-B234-316F80A02CC3}.Debug|x64.ActiveCfg = Debug|Win32
		{00FC2E1D-913D-43AD-B234-316F80A02CC3}.Debug|x86.ActiveCfg = Debug|Win32
		{00FC2E1D-913D-43AD-B234-316F80A02CC3}.Debug|x86.Build.0 = Debug|Win32
		{00FC2E1D-913D-43AD-B234-316F80A02CC3}.Release|x64.ActiveCfg = Release|Win32
		{00FC2E1D-913D-43AD-B234-316F80A02CC3}.Release|x86.ActiveCfg = Release|Win32
		{00FC2E1D-913D-43AD-B234-316F80A02CC3}.Release|x86.Build.0 = Release|Win32
		{A9C5B8F3-7FF8-4593-9CC4-A3A2DE2ADD53}.Debug|x64.ActiveCfg = Debug|Win32
		{A9C5B8F3-7FF8-4593-9CC4-A3A2DE2ADD53}.Debug|x86.ActiveCfg = Debug|Win32
		{A9C5B8F3-7FF8-4593-9CC4-A3A2DE2ADD53}.Debug|x86.Build.0 = Debug|Win32
		{A9C5B8F3-7FF8-4593-9CC4-A3A2DE2ADD53}.Release|x64.ActiveCfg = Release|Win32
		{A9C5B8F3-7FF8-4593-9CC4-A3A2DE2ADD53}.Release|x86.ActiveCfg = Release|Win32
		{A9C5B8F3-7FF8-4593-9CC4-A3A2DE2ADD53}.Release|x86.Build.0 = Release|Win32
		{3E04067A-2C42-4476-B491-DB5D6F9FBC7C}.Debug|x64.ActiveCfg = Debug|Win32
		{3E04067A-2C42-4476-B491-DB5D6F9FBC7C}.Debug|x86.ActiveCfg = Debug|Win32
		{3E04067A-2C42-4476-B491-DB5D6F9FBC7C}.Debug|x86.Build.0 = Debug|Win32
		{3E04067A-2C42-4476-B491-DB5D6F9FBC7C}.Release|x64.ActiveCfg = Release|Win32
		{3E04067A-2C42-4476-B491-DB5D6F9FBC7C}.Release|x86.ActiveCfg = Release|Win32
		{3E04067A-2C42-4476-B491-DB5D6F9FBC7C}.Release|x86.Build.0 = Release|Win32
		{8D97730E-5E21-49E4-B602-6141A872DBEA}.Debug|x64.ActiveCfg = Debug|Win32
		{8D97730E-5E21-49E4-B602-6141A872DBEA}.Debug|x86.ActiveCfg = Debug|Win32
		{8D97730E-5E21-49E4-B602-6141A872DBEA}.Debug|x86.Build.0 = Debug|Win32
		{8D97730E-5E21-49E4-B602-6141A872DBEA}.Release|x64.ActiveCfg = Release|Win32
		{8D97730E-5E21-49E4-B602-6141A872DBEA}.Release|x86.ActiveCfg = Release|Win32
		{8D97730E-5E21-49E4-B602-6141A872DBEA}.Release|x86.Build.0 = Release|Win32
		{E9B05960-D729-4904-9763-661FFC80AC41}.Debug|x64.ActiveCfg = Debug|Win32
		{E9B05960-D729-4904-9763-661FFC80AC41}.Debug|x86.ActiveCfg = Debug|Win32
		{E9B05960-D729-4904-9763-661FFC80AC41}.Debug|x86.Build.0 = Debug|Win32
		{E9B05960-D729-4904-9763-661FFC80AC41}.Release|x64.ActiveCfg = Release|Win32
		{E9B05960-D729-4904-9763-661FFC80AC41}.Release|x86.ActiveCfg = Release|Win32
		{E9B05960-D729-4904-9763-661FFC80AC41}.Release|x86.Build.0 = Release|Win32
		{1D46B8B9-D290-4B4E-9591-09A6D30DD8CC}.Debug|x64.ActiveCfg = Debug|Win32
		{1D46B8B9-D290-4B4E-9591-09A6D30DD8CC}.Debug|x86.ActiveCfg = Debug|Win32
		{1D46B8B9-D290-4B4E-9591-09A6D30DD8CC}.Debug|x86.Build.0 = Debug|Win32
		{1D46B8B9-D290-4B4E-9591-09A6D30DD8CC}.Release|x64.ActiveCfg = Release|Win32
		{1D46B8B9-D290-4B4E-9591-09A6D30DD8CC}.Release|x86.ActiveCfg = Release|Win32
		{1D46B8B9-D290-4B4E-9591-09A6D30DD8CC}.Release|x86.Build.0 = Release|Win32
		{C52A2AFB-3B0F-493B-984C-563414B9965F}.Debug|x64.ActiveCfg = Debug|Win32
		{C52A2AFB-3B0F-493B-984C-563414B9965F}.Debug|x86.ActiveCfg = Debug|Win32
		{C52A2AFB-3B0F-493B-984C-563414B9965F}.Debug|x86.Build.0 = Debug|Win32
		{C52A2AFB-3B0F-493B-984C-563414B9965F}.Release|x64.ActiveCfg = Release|Win32
		{C52A2AFB-3B0F-493B-984C-563414B9965F}.Release|x86.ActiveCfg = Release|Win32
		{C52A2AFB-3B0F-493B-984C-563414B9965F}.Release|x86.Build.0 = Release|Win32
		{5D32F7B0-F8A7-467D-A520-D044FF94E372}.Debug|x64.ActiveCfg = Debug|Win32
		{5D32F7B0-F8A7-467D-A520-D044FF94E372}.Debug|x86.ActiveCfg = Debug|Win32
		{5D32F7B0-F8A7-467D-A520-D044FF94E372}.Debug|x86.Build.0 = Debug|Win32
		{5D32F7B0-F8A7-467D-A520-D044FF94E372}.Release|x64.ActiveCfg = Release|Win32
		{5D32F7B0-F8A7-467D-A520-D044FF94E372}.Release|x86.ActiveCfg = Release|Win32
		{5D32F7B0-F8A7-467D-A520-D044FF94E372}.Release|x86.Build.0 = Release|Win32
		{437F4126-F205-4F59-BB4B-F5A0353C9662}.Debug|x64.ActiveCfg = Debug|Win32
		{437F4126-F205-4F59-BB4B-F5A0353C9662}.Debug|x86.ActiveCfg = Debug|Win32
		{437F4126-F205-4F59-BB4B-F5A0353C9662}.Debug|x86.Build.0 = Debug|Win32
		{437F4126-F205-4F59-BB4B-F5A0353C9662}.Release|x64.ActiveCfg = Release|Win32
		{437F4126-F205-4F59-BB4B-F5A0353C9662}.Release|x86.ActiveCfg = Release|Win32
		{437F4126-F205-4F59-BB4B-F5A0353C9662}.Release|x86.Build.0 = Release|Win32
		{31FE520D-4376-4247-9F0D-ADDA6ADA2484}.Debug|x64.ActiveCfg = Debug|Win32
		{31FE520D-4376-4247-9F0D-ADDA6ADA2484}.Debug|x86.ActiveCfg = Debug|Win32
		{31FE520D-4376-4247-9F0D-ADDA6ADA2484}.Debug|x86.Build.0 = Debug|Win32
		{31FE520D-4376-4247-9F0D-ADDA6ADA2484}.Release|x64.ActiveCfg = Release|Win32
		{31FE520D-4376-4247-9F0D-ADDA6ADA2484}.Release|x86.ActiveCfg = Release|Win32
		{31FE520D-4376-4247-9F0D-ADDA6ADA2484}.Release|x86.Build.0 = Release|Win32
		{D8FE219F-4360-43E4-A608-61F12F5ACA0D}.Debug|x64.ActiveCfg = Debug|Win32
		{D8FE219F-4360-43E4-A608-61F12F5ACA0D}.Debug|x86.ActiveCfg = Debug|Win32
		{D8FE219F-4360-43E4-A608-61F12F5ACA0D}.Debug|x86.Build.0 = Debug|Win32
		{D8FE219F-4360-43E4-A608-61F12F5ACA0D}.Release|x64.ActiveCfg = Release|Win32
		{D8FE219F-4360-43E4-A608-61F12F5ACA0D}.Release|x86.ActiveCfg = Release|Win32
		{D8FE219F-4360-43E4-A608-61F12F5ACA0D}.Release|x86.Build.0 = Release|Win32
		{27EBFEB1-994C-4379-BE6F-4D2D245C1629}.Debug|x64.ActiveCfg = Debug|Win32
		{27EBFEB1-994C-4379-BE6F-4D2D245C1629}.Debug|x86.ActiveCfg = Debug|Win32
		{27EBFEB1-994C-4379-BE6F-4D2D245C1629}.Debug|x86.Build.0 = Debug|Win32
		{27EBFEB1-994C-4379-BE6F-4D2D245C1629}.Release|x64.ActiveCfg = Release|Win32
		{27EBFEB1-994C-4379-BE6F-4D2D245C1629}.Release|x86.ActiveCfg = Release|Win32
		{27EBFEB1-994C-4379-BE6F-4D2D245C1629}.Release|x86.Build.0 = Release|Win32
		{20501D3B-FA57-4BE8-A27D-91E330DE0731}.Debug|x64.ActiveCfg = Debug|Win32
		{20501D3B-FA57-4BE8-A27D-91E330DE0731}.Debug|x86.ActiveCfg = Debug|Win32
		{20501D3B-FA57-4BE8-A27D-91E330DE0731}.Debug|x86.Build.0 = Debug|Win32
		{20501D3B-FA57-4BE8-A27D-91E330DE0731}.Release|x64.ActiveCfg = Release|Win32
		{20501D3B-FA57-4BE8-A27D-91E330DE0731}.Release|x86.ActiveCfg = Release|Win32
		{20501D3B-FA57-4BE8-A27D-91E330DE0731}.Release|x86.Build.0 = Release|Win32
	EndGlobalSection
	GlobalSection(SolutionProperties) = preSolution
		HideSolutionNode = FALSE
	EndGlobalSection
	GlobalSection(ExtensibilityGlobals) = postSolution
		SolutionGuid = {0327B625-03CE-4A6A-84BF-4D1160B71031}
	EndGlobalSection
EndGlobal
